
Microsoft Visual Studio Solution File, Format Version 12.00
# Visual Studio Version 16
VisualStudioVersion = 16.0.31313.79
MinimumVisualStudioVersion = 10.0.40219.1
Project("{888888A0-9F3D-457C-B088-3A5042F75D52}") = "Keylogger", "Keylogger.pyproj", "{066662CC-405B-4807-ADAD-3D09937B9BFA}"
EndProject
Global
	GlobalSection(SolutionConfigurationPlatforms) = preSolution
		Debug|Any CPU = Debug|Any CPU
		Release|Any CPU = Release|Any CPU
	EndGlobalSection
	GlobalSection(ProjectConfigurationPlatforms) = postSolution
		{066662CC-405B-4807-ADAD-3D09937B9BFA}.Debug|Any CPU.ActiveCfg = Debug|Any CPU
		{066662CC-405B-4807-ADAD-3D09937B9BFA}.Release|Any CPU.ActiveCfg = Release|Any CPU
	EndGlobalSection
	GlobalSection(SolutionProperties) = preSolution
		HideSolutionNode = FALSE
	EndGlobalSection
	GlobalSection(ExtensibilityGlobals) = postSolution
		SolutionGuid = {FA903C25-9753-4F58-9511-7B1A8A74D8AF}
	EndGlobalSection
EndGlobal
