
Microsoft Visual Studio Solution File, Format Version 12.00
# Visual Studio Version 16
VisualStudioVersion = 16.0.31424.327
MinimumVisualStudioVersion = 10.0.40219.1
Project("{FAE04EC0-301F-11D3-BF4B-00C04F79EFBC}") = "WSWHotelManagement", "WSWHotelManagement.csproj", "{F958BD62-9805-4448-A8CE-210108AD913F}"
EndProject
Global
	GlobalSection(SolutionConfigurationPlatforms) = preSolution
		Debug|Any CPU = Debug|Any CPU
		Release|Any CPU = Release|Any CPU
	EndGlobalSection
	GlobalSection(ProjectConfigurationPlatforms) = postSolution
		{F958BD62-9805-4448-A8CE-210108AD913F}.Debug|Any CPU.ActiveCfg = Debug|Any CPU
		{F958BD62-9805-4448-A8CE-210108AD913F}.Debug|Any CPU.Build.0 = Debug|Any CPU
		{F958BD62-9805-4448-A8CE-210108AD913F}.Release|Any CPU.ActiveCfg = Release|Any CPU
		{F958BD62-9805-4448-A8CE-210108AD913F}.Release|Any CPU.Build.0 = Release|Any CPU
	EndGlobalSection
	GlobalSection(SolutionProperties) = preSolution
		HideSolutionNode = FALSE
	EndGlobalSection
	GlobalSection(ExtensibilityGlobals) = postSolution
		SolutionGuid = {E73E8461-7C71-49E1-B753-E4D28F164B85}
	EndGlobalSection
EndGlobal
