
Microsoft Visual Studio Solution File, Format Version 12.00
# Visual Studio Version 16
VisualStudioVersion = 16.0.31313.79
MinimumVisualStudioVersion = 10.0.40219.1
Project("{FAE04EC0-301F-11D3-BF4B-00C04F79EFBC}") = "GameCollection", "GameCollection.csproj", "{4523A3ED-A68A-490D-BE5F-753D16346403}"
EndProject
Global
	GlobalSection(SolutionConfigurationPlatforms) = preSolution
		Debug|Any CPU = Debug|Any CPU
		Release|Any CPU = Release|Any CPU
	EndGlobalSection
	GlobalSection(ProjectConfigurationPlatforms) = postSolution
		{4523A3ED-A68A-490D-BE5F-753D16346403}.Debug|Any CPU.ActiveCfg = Debug|Any CPU
		{4523A3ED-A68A-490D-BE5F-753D16346403}.Debug|Any CPU.Build.0 = Debug|Any CPU
		{4523A3ED-A68A-490D-BE5F-753D16346403}.Release|Any CPU.ActiveCfg = Release|Any CPU
		{4523A3ED-A68A-490D-BE5F-753D16346403}.Release|Any CPU.Build.0 = Release|Any CPU
	EndGlobalSection
	GlobalSection(SolutionProperties) = preSolution
		HideSolutionNode = FALSE
	EndGlobalSection
	GlobalSection(ExtensibilityGlobals) = postSolution
		SolutionGuid = {5E36409F-FAFD-4F89-B49F-989891479D22}
	EndGlobalSection
EndGlobal
